
Microsoft Visual Studio Solution File, Format Version 12.00
# Visual Studio Version 17
VisualStudioVersion = 17.0.31903.59
MinimumVisualStudioVersion = 10.0.40219.1
Project("{FAE04EC0-301F-11D3-BF4B-00C04F79EFBC}") = "HimLedger.Domain", "HimLedger.Domain\HimLedger.Domain.csproj", "{0079E076-FC65-435A-9677-FE4605659993}"
EndProject
Project("{FAE04EC0-301F-11D3-BF4B-00C04F79EFBC}") = "HimLedger.Application", "HimLedger.Application\HimLedger.Application.csproj", "{2AF6656E-8AEB-49D3-A455-2AF3003351BD}"
EndProject
Project("{FAE04EC0-301F-11D3-BF4B-00C04F79EFBC}") = "HimLedger.Infrastructure", "HimLedger.Infrastructure\HimLedger.Infrastructure.csproj", "{80ACB0F4-3037-489D-BF52-81ABDC271AF6}"
EndProject
Project("{FAE04EC0-301F-11D3-BF4B-00C04F79EFBC}") = "HimLedger.Api", "HimLedger.Api\HimLedger.Api.csproj", "{7F7C53CE-675E-4662-B22A-4CC300F4861C}"
EndProject
Global
	GlobalSection(SolutionConfigurationPlatforms) = preSolution
		Debug|Any CPU = Debug|Any CPU
		Debug|x64 = Debug|x64
		Debug|x86 = Debug|x86
		Release|Any CPU = Release|Any CPU
		Release|x64 = Release|x64
		Release|x86 = Release|x86
	EndGlobalSection
	GlobalSection(ProjectConfigurationPlatforms) = postSolution
		{0079E076-FC65-435A-9677-FE4605659993}.Debug|Any CPU.ActiveCfg = Debug|Any CPU
		{0079E076-FC65-435A-9677-FE4605659993}.Debug|Any CPU.Build.0 = Debug|Any CPU
		{0079E076-FC65-435A-9677-FE4605659993}.Debug|x64.ActiveCfg = Debug|Any CPU
		{0079E076-FC65-435A-9677-FE4605659993}.Debug|x64.Build.0 = Debug|Any CPU
		{0079E076-FC65-435A-9677-FE4605659993}.Debug|x86.ActiveCfg = Debug|Any CPU
		{0079E076-FC65-435A-9677-FE4605659993}.Debug|x86.Build.0 = Debug|Any CPU
		{0079E076-FC65-435A-9677-FE4605659993}.Release|Any CPU.ActiveCfg = Release|Any CPU
		{0079E076-FC65-435A-9677-FE4605659993}.Release|Any CPU.Build.0 = Release|Any CPU
		{0079E076-FC65-435A-9677-FE4605659993}.Release|x64.ActiveCfg = Release|Any CPU
		{0079E076-FC65-435A-9677-FE4605659993}.Release|x64.Build.0 = Release|Any CPU
		{0079E076-FC65-435A-9677-FE4605659993}.Release|x86.ActiveCfg = Release|Any CPU
		{0079E076-FC65-435A-9677-FE4605659993}.Release|x86.Build.0 = Release|Any CPU
		{2AF6656E-8AEB-49D3-A455-2AF3003351BD}.Debug|Any CPU.ActiveCfg = Debug|Any CPU
		{2AF6656E-8AEB-49D3-A455-2AF3003351BD}.Debug|Any CPU.Build.0 = Debug|Any CPU
		{2AF6656E-8AEB-49D3-A455-2AF3003351BD}.Debug|x64.ActiveCfg = Debug|Any CPU
		{2AF6656E-8AEB-49D3-A455-2AF3003351BD}.Debug|x64.Build.0 = Debug|Any CPU
		{2AF6656E-8AEB-49D3-A455-2AF3003351BD}.Debug|x86.ActiveCfg = Debug|Any CPU
		{2AF6656E-8AEB-49D3-A455-2AF3003351BD}.Debug|x86.Build.0 = Debug|Any CPU
		{2AF6656E-8AEB-49D3-A455-2AF3003351BD}.Release|Any CPU.ActiveCfg = Release|Any CPU
		{2AF6656E-8AEB-49D3-A455-2AF3003351BD}.Release|Any CPU.Build.0 = Release|Any CPU
		{2AF6656E-8AEB-49D3-A455-2AF3003351BD}.Release|x64.ActiveCfg = Release|Any CPU
		{2AF6656E-8AEB-49D3-A455-2AF3003351BD}.Release|x64.Build.0 = Release|Any CPU
		{2AF6656E-8AEB-49D3-A455-2AF3003351BD}.Release|x86.ActiveCfg = Release|Any CPU
		{2AF6656E-8AEB-49D3-A455-2AF3003351BD}.Release|x86.Build.0 = Release|Any CPU
		{80ACB0F4-3037-489D-BF52-81ABDC271AF6}.Debug|Any CPU.ActiveCfg = Debug|Any CPU
		{80ACB0F4-3037-489D-BF52-81ABDC271AF6}.Debug|Any CPU.Build.0 = Debug|Any CPU
		{80ACB0F4-3037-489D-BF52-81ABDC271AF6}.Debug|x64.ActiveCfg = Debug|Any CPU
		{80ACB0F4-3037-489D-BF52-81ABDC271AF6}.Debug|x64.Build.0 = Debug|Any CPU
		{80ACB0F4-3037-489D-BF52-81ABDC271AF6}.Debug|x86.ActiveCfg = Debug|Any CPU
		{80ACB0F4-3037-489D-BF52-81ABDC271AF6}.Debug|x86.Build.0 = Debug|Any CPU
		{80ACB0F4-3037-489D-BF52-81ABDC271AF6}.Release|Any CPU.ActiveCfg = Release|Any CPU
		{80ACB0F4-3037-489D-BF52-81ABDC271AF6}.Release|Any CPU.Build.0 = Release|Any CPU
		{80ACB0F4-3037-489D-BF52-81ABDC271AF6}.Release|x64.ActiveCfg = Release|Any CPU
		{80ACB0F4-3037-489D-BF52-81ABDC271AF6}.Release|x64.Build.0 = Release|Any CPU
		{80ACB0F4-3037-489D-BF52-81ABDC271AF6}.Release|x86.ActiveCfg = Release|Any CPU
		{80ACB0F4-3037-489D-BF52-81ABDC271AF6}.Release|x86.Build.0 = Release|Any CPU
		{7F7C53CE-675E-4662-B22A-4CC300F4861C}.Debug|Any CPU.ActiveCfg = Debug|Any CPU
		{7F7C53CE-675E-4662-B22A-4CC300F4861C}.Debug|Any CPU.Build.0 = Debug|Any CPU
		{7F7C53CE-675E-4662-B22A-4CC300F4861C}.Debug|x64.ActiveCfg = Debug|Any CPU
		{7F7C53CE-675E-4662-B22A-4CC300F4861C}.Debug|x64.Build.0 = Debug|Any CPU
		{7F7C53CE-675E-4662-B22A-4CC300F4861C}.Debug|x86.ActiveCfg = Debug|Any CPU
		{7F7C53CE-675E-4662-B22A-4CC300F4861C}.Debug|x86.Build.0 = Debug|Any CPU
		{7F7C53CE-675E-4662-B22A-4CC300F4861C}.Release|Any CPU.ActiveCfg = Release|Any CPU
		{7F7C53CE-675E-4662-B22A-4CC300F4861C}.Release|Any CPU.Build.0 = Release|Any CPU
		{7F7C53CE-675E-4662-B22A-4CC300F4861C}.Release|x64.ActiveCfg = Release|Any CPU
		{7F7C53CE-675E-4662-B22A-4CC300F4861C}.Release|x64.Build.0 = Release|Any CPU
		{7F7C53CE-675E-4662-B22A-4CC300F4861C}.Release|x86.ActiveCfg = Release|Any CPU
		{7F7C53CE-675E-4662-B22A-4CC300F4861C}.Release|x86.Build.0 = Release|Any CPU
	EndGlobalSection
	GlobalSection(SolutionProperties) = preSolution
		HideSolutionNode = FALSE
	EndGlobalSection
EndGlobal
